
Microsoft Visual Studio Solution File, Format Version 12.00
# Visual Studio Version 16
VisualStudioVersion = 16.0.29728.190
MinimumVisualStudioVersion = 10.0.40219.1
Project("{8BC9CEB8-8B4A-11D0-8D11-00A0C91BC942}") = "Splat", "SPLAT\SPLAT.vcxproj", "{DC8F99FC-526A-49F0-BF4A-E08A3B186FA7}"
EndProject
Project("{8BC9CEB8-8B4A-11D0-8D11-00A0C91BC942}") = "CityDecoder", "CityDecoder\CITYDECODER.vcxproj", "{5F5AC59E-4D63-443C-BC37-F75D3BF74722}"
EndProject
Project("{8BC9CEB8-8B4A-11D0-8D11-00A0C91BC942}") = "Bearing", "BEARING\BEARING.vcxproj", "{247FC1AF-8C74-4F30-9D5C-23617FB32932}"
EndProject
Project("{8BC9CEB8-8B4A-11D0-8D11-00A0C91BC942}") = "Usgs2Sdf", "USGS2SDF\USGS2SDF.vcxproj", "{F44FE822-036C-405F-AE86-69DAA16A6916}"
EndProject
Project("{8BC9CEB8-8B4A-11D0-8D11-00A0C91BC942}") = "Srtm2Sdf", "SRTM2SDF\SRTM2SDF.vcxproj", "{F0FBFEF6-2DAB-4BEB-8665-E550A515F6CA}"
EndProject
Project("{8BC9CEB8-8B4A-11D0-8D11-00A0C91BC942}") = "CommonLib", "Common\Common.vcxproj", "{F60693C4-018D-4012-A27F-952245FF6CD5}"
EndProject
Project("{8BC9CEB8-8B4A-11D0-8D11-00A0C91BC942}") = "SplatLib", "SplatLib\SplatLib.vcxproj", "{BE37FC6E-6287-4D59-A5B5-BFD391FE11CE}"
EndProject
Project("{8BC9CEB8-8B4A-11D0-8D11-00A0C91BC942}") = "BearingLib", "BearingLib\BearingLib.vcxproj", "{28A02430-A8FC-415B-9355-6B6C522BB88A}"
EndProject
Project("{8BC9CEB8-8B4A-11D0-8D11-00A0C91BC942}") = "Srtm2SdfLib", "srtm2sdfLib\srtm2sdfLib.vcxproj", "{D37F57B0-5E24-44E8-A555-3A43ED8107FC}"
EndProject
Project("{8BC9CEB8-8B4A-11D0-8D11-00A0C91BC942}") = "Usgs2SdfLib", "usgs2sdfLib\usgs2sdfLib.vcxproj", "{BCC072A7-CD11-4B8A-B68F-2346C81A1B70}"
EndProject
Project("{8BC9CEB8-8B4A-11D0-8D11-00A0C91BC942}") = "UnitTests", "UnitTests\UnitTests.vcxproj", "{7ECFD5A2-BD02-4EDD-9231-62A5771037CE}"
EndProject
Project("{2150E333-8FDC-42A3-9474-1A3956D46DE8}") = "IntegrationTests", "IntegrationTests", "{AB0E557C-3622-4A3E-A4FA-2B866D7E9A25}"
	ProjectSection(SolutionItems) = preProject
		IntegrationTests\IntegrationTestRunner.bat = IntegrationTests\IntegrationTestRunner.bat
	EndProjectSection
EndProject
Project("{2150E333-8FDC-42A3-9474-1A3956D46DE8}") = "Common", "Common", "{FBBC106F-604B-4BA7-9C08-25C6409C1705}"
	ProjectSection(SolutionItems) = preProject
		open_splat_sln.bat = open_splat_sln.bat
		Common\version.h = Common\version.h
		Common\version.rc2 = Common\version.rc2
	EndProjectSection
EndProject
Project("{930C7802-8A8C-48F9-8165-68863BCCD9DD}") = "SplatInstaller", "SplatInstaller\SplatInstaller.wixproj", "{1619DA2A-E12E-4F52-82A7-E4BE1AD10A29}"
EndProject
Project("{2150E333-8FDC-42A3-9474-1A3956D46DE8}") = "Extras", "Extras", "{647D3900-785B-45D2-BEE9-24DCB4F9B96D}"
	ProjectSection(SolutionItems) = preProject
		Extras\SPLAT Development Environment Setup.txt = Extras\SPLAT Development Environment Setup.txt
		Extras\SPLAT WiX Notes.txt = Extras\SPLAT WiX Notes.txt
	EndProjectSection
EndProject
Global
	GlobalSection(SolutionConfigurationPlatforms) = preSolution
		Debug|Any CPU = Debug|Any CPU
		Debug|x64 = Debug|x64
		Debug|x86 = Debug|x86
		Release|Any CPU = Release|Any CPU
		Release|x64 = Release|x64
		Release|x86 = Release|x86
	EndGlobalSection
	GlobalSection(ProjectConfigurationPlatforms) = postSolution
		{DC8F99FC-526A-49F0-BF4A-E08A3B186FA7}.Debug|Any CPU.ActiveCfg = Debug|x64
		{DC8F99FC-526A-49F0-BF4A-E08A3B186FA7}.Debug|Any CPU.Build.0 = Debug|x64
		{DC8F99FC-526A-49F0-BF4A-E08A3B186FA7}.Debug|x64.ActiveCfg = Debug|x64
		{DC8F99FC-526A-49F0-BF4A-E08A3B186FA7}.Debug|x64.Build.0 = Debug|x64
		{DC8F99FC-526A-49F0-BF4A-E08A3B186FA7}.Debug|x86.ActiveCfg = Debug|Win32
		{DC8F99FC-526A-49F0-BF4A-E08A3B186FA7}.Debug|x86.Build.0 = Debug|Win32
		{DC8F99FC-526A-49F0-BF4A-E08A3B186FA7}.Release|Any CPU.ActiveCfg = Release|x64
		{DC8F99FC-526A-49F0-BF4A-E08A3B186FA7}.Release|Any CPU.Build.0 = Release|x64
		{DC8F99FC-526A-49F0-BF4A-E08A3B186FA7}.Release|x64.ActiveCfg = Release|x64
		{DC8F99FC-526A-49F0-BF4A-E08A3B186FA7}.Release|x64.Build.0 = Release|x64
		{DC8F99FC-526A-49F0-BF4A-E08A3B186FA7}.Release|x86.ActiveCfg = Release|Win32
		{DC8F99FC-526A-49F0-BF4A-E08A3B186FA7}.Release|x86.Build.0 = Release|Win32
		{5F5AC59E-4D63-443C-BC37-F75D3BF74722}.Debug|Any CPU.ActiveCfg = Debug|x64
		{5F5AC59E-4D63-443C-BC37-F75D3BF74722}.Debug|Any CPU.Build.0 = Debug|x64
		{5F5AC59E-4D63-443C-BC37-F75D3BF74722}.Debug|x64.ActiveCfg = Debug|x64
		{5F5AC59E-4D63-443C-BC37-F75D3BF74722}.Debug|x64.Build.0 = Debug|x64
		{5F5AC59E-4D63-443C-BC37-F75D3BF74722}.Debug|x86.ActiveCfg = Debug|Win32
		{5F5AC59E-4D63-443C-BC37-F75D3BF74722}.Debug|x86.Build.0 = Debug|Win32
		{5F5AC59E-4D63-443C-BC37-F75D3BF74722}.Release|Any CPU.ActiveCfg = Release|x64
		{5F5AC59E-4D63-443C-BC37-F75D3BF74722}.Release|Any CPU.Build.0 = Release|x64
		{5F5AC59E-4D63-443C-BC37-F75D3BF74722}.Release|x64.ActiveCfg = Release|x64
		{5F5AC59E-4D63-443C-BC37-F75D3BF74722}.Release|x64.Build.0 = Release|x64
		{5F5AC59E-4D63-443C-BC37-F75D3BF74722}.Release|x86.ActiveCfg = Release|Win32
		{5F5AC59E-4D63-443C-BC37-F75D3BF74722}.Release|x86.Build.0 = Release|Win32
		{247FC1AF-8C74-4F30-9D5C-23617FB32932}.Debug|Any CPU.ActiveCfg = Debug|x64
		{247FC1AF-8C74-4F30-9D5C-23617FB32932}.Debug|Any CPU.Build.0 = Debug|x64
		{247FC1AF-8C74-4F30-9D5C-23617FB32932}.Debug|x64.ActiveCfg = Debug|x64
		{247FC1AF-8C74-4F30-9D5C-23617FB32932}.Debug|x64.Build.0 = Debug|x64
		{247FC1AF-8C74-4F30-9D5C-23617FB32932}.Debug|x86.ActiveCfg = Debug|Win32
		{247FC1AF-8C74-4F30-9D5C-23617FB32932}.Debug|x86.Build.0 = Debug|Win32
		{247FC1AF-8C74-4F30-9D5C-23617FB32932}.Release|Any CPU.ActiveCfg = Release|x64
		{247FC1AF-8C74-4F30-9D5C-23617FB32932}.Release|Any CPU.Build.0 = Release|x64
		{247FC1AF-8C74-4F30-9D5C-23617FB32932}.Release|x64.ActiveCfg = Release|x64
		{247FC1AF-8C74-4F30-9D5C-23617FB32932}.Release|x64.Build.0 = Release|x64
		{247FC1AF-8C74-4F30-9D5C-23617FB32932}.Release|x86.ActiveCfg = Release|Win32
		{247FC1AF-8C74-4F30-9D5C-23617FB32932}.Release|x86.Build.0 = Release|Win32
		{F44FE822-036C-405F-AE86-69DAA16A6916}.Debug|Any CPU.ActiveCfg = Debug|x64
		{F44FE822-036C-405F-AE86-69DAA16A6916}.Debug|Any CPU.Build.0 = Debug|x64
		{F44FE822-036C-405F-AE86-69DAA16A6916}.Debug|x64.ActiveCfg = Debug|x64
		{F44FE822-036C-405F-AE86-69DAA16A6916}.Debug|x64.Build.0 = Debug|x64
		{F44FE822-036C-405F-AE86-69DAA16A6916}.Debug|x86.ActiveCfg = Debug|Win32
		{F44FE822-036C-405F-AE86-69DAA16A6916}.Debug|x86.Build.0 = Debug|Win32
		{F44FE822-036C-405F-AE86-69DAA16A6916}.Release|Any CPU.ActiveCfg = Release|x64
		{F44FE822-036C-405F-AE86-69DAA16A6916}.Release|Any CPU.Build.0 = Release|x64
		{F44FE822-036C-405F-AE86-69DAA16A6916}.Release|x64.ActiveCfg = Release|x64
		{F44FE822-036C-405F-AE86-69DAA16A6916}.Release|x64.Build.0 = Release|x64
		{F44FE822-036C-405F-AE86-69DAA16A6916}.Release|x86.ActiveCfg = Release|Win32
		{F44FE822-036C-405F-AE86-69DAA16A6916}.Release|x86.Build.0 = Release|Win32
		{F0FBFEF6-2DAB-4BEB-8665-E550A515F6CA}.Debug|Any CPU.ActiveCfg = Debug|x64
		{F0FBFEF6-2DAB-4BEB-8665-E550A515F6CA}.Debug|Any CPU.Build.0 = Debug|x64
		{F0FBFEF6-2DAB-4BEB-8665-E550A515F6CA}.Debug|x64.ActiveCfg = Debug|x64
		{F0FBFEF6-2DAB-4BEB-8665-E550A515F6CA}.Debug|x64.Build.0 = Debug|x64
		{F0FBFEF6-2DAB-4BEB-8665-E550A515F6CA}.Debug|x86.ActiveCfg = Debug|Win32
		{F0FBFEF6-2DAB-4BEB-8665-E550A515F6CA}.Debug|x86.Build.0 = Debug|Win32
		{F0FBFEF6-2DAB-4BEB-8665-E550A515F6CA}.Release|Any CPU.ActiveCfg = Release|x64
		{F0FBFEF6-2DAB-4BEB-8665-E550A515F6CA}.Release|Any CPU.Build.0 = Release|x64
		{F0FBFEF6-2DAB-4BEB-8665-E550A515F6CA}.Release|x64.ActiveCfg = Release|x64
		{F0FBFEF6-2DAB-4BEB-8665-E550A515F6CA}.Release|x64.Build.0 = Release|x64
		{F0FBFEF6-2DAB-4BEB-8665-E550A515F6CA}.Release|x86.ActiveCfg = Release|Win32
		{F0FBFEF6-2DAB-4BEB-8665-E550A515F6CA}.Release|x86.Build.0 = Release|Win32
		{F60693C4-018D-4012-A27F-952245FF6CD5}.Debug|Any CPU.ActiveCfg = Debug|x64
		{F60693C4-018D-4012-A27F-952245FF6CD5}.Debug|Any CPU.Build.0 = Debug|x64
		{F60693C4-018D-4012-A27F-952245FF6CD5}.Debug|x64.ActiveCfg = Debug|x64
		{F60693C4-018D-4012-A27F-952245FF6CD5}.Debug|x64.Build.0 = Debug|x64
		{F60693C4-018D-4012-A27F-952245FF6CD5}.Debug|x86.ActiveCfg = Debug|Win32
		{F60693C4-018D-4012-A27F-952245FF6CD5}.Debug|x86.Build.0 = Debug|Win32
		{F60693C4-018D-4012-A27F-952245FF6CD5}.Release|Any CPU.ActiveCfg = Release|x64
		{F60693C4-018D-4012-A27F-952245FF6CD5}.Release|Any CPU.Build.0 = Release|x64
		{F60693C4-018D-4012-A27F-952245FF6CD5}.Release|x64.ActiveCfg = Release|x64
		{F60693C4-018D-4012-A27F-952245FF6CD5}.Release|x64.Build.0 = Release|x64
		{F60693C4-018D-4012-A27F-952245FF6CD5}.Release|x86.ActiveCfg = Release|Win32
		{F60693C4-018D-4012-A27F-952245FF6CD5}.Release|x86.Build.0 = Release|Win32
		{BE37FC6E-6287-4D59-A5B5-BFD391FE11CE}.Debug|Any CPU.ActiveCfg = Debug|x64
		{BE37FC6E-6287-4D59-A5B5-BFD391FE11CE}.Debug|Any CPU.Build.0 = Debug|x64
		{BE37FC6E-6287-4D59-A5B5-BFD391FE11CE}.Debug|x64.ActiveCfg = Debug|x64
		{BE37FC6E-6287-4D59-A5B5-BFD391FE11CE}.Debug|x64.Build.0 = Debug|x64
		{BE37FC6E-6287-4D59-A5B5-BFD391FE11CE}.Debug|x86.ActiveCfg = Debug|Win32
		{BE37FC6E-6287-4D59-A5B5-BFD391FE11CE}.Debug|x86.Build.0 = Debug|Win32
		{BE37FC6E-6287-4D59-A5B5-BFD391FE11CE}.Release|Any CPU.ActiveCfg = Release|x64
		{BE37FC6E-6287-4D59-A5B5-BFD391FE11CE}.Release|Any CPU.Build.0 = Release|x64
		{BE37FC6E-6287-4D59-A5B5-BFD391FE11CE}.Release|x64.ActiveCfg = Release|x64
		{BE37FC6E-6287-4D59-A5B5-BFD391FE11CE}.Release|x64.Build.0 = Release|x64
		{BE37FC6E-6287-4D59-A5B5-BFD391FE11CE}.Release|x86.ActiveCfg = Release|Win32
		{BE37FC6E-6287-4D59-A5B5-BFD391FE11CE}.Release|x86.Build.0 = Release|Win32
		{28A02430-A8FC-415B-9355-6B6C522BB88A}.Debug|Any CPU.ActiveCfg = Debug|x64
		{28A02430-A8FC-415B-9355-6B6C522BB88A}.Debug|Any CPU.Build.0 = Debug|x64
		{28A02430-A8FC-415B-9355-6B6C522BB88A}.Debug|x64.ActiveCfg = Debug|x64
		{28A02430-A8FC-415B-9355-6B6C522BB88A}.Debug|x64.Build.0 = Debug|x64
		{28A02430-A8FC-415B-9355-6B6C522BB88A}.Debug|x86.ActiveCfg = Debug|Win32
		{28A02430-A8FC-415B-9355-6B6C522BB88A}.Debug|x86.Build.0 = Debug|Win32
		{28A02430-A8FC-415B-9355-6B6C522BB88A}.Release|Any CPU.ActiveCfg = Release|x64
		{28A02430-A8FC-415B-9355-6B6C522BB88A}.Release|Any CPU.Build.0 = Release|x64
		{28A02430-A8FC-415B-9355-6B6C522BB88A}.Release|x64.ActiveCfg = Release|x64
		{28A02430-A8FC-415B-9355-6B6C522BB88A}.Release|x64.Build.0 = Release|x64
		{28A02430-A8FC-415B-9355-6B6C522BB88A}.Release|x86.ActiveCfg = Release|Win32
		{28A02430-A8FC-415B-9355-6B6C522BB88A}.Release|x86.Build.0 = Release|Win32
		{D37F57B0-5E24-44E8-A555-3A43ED8107FC}.Debug|Any CPU.ActiveCfg = Debug|x64
		{D37F57B0-5E24-44E8-A555-3A43ED8107FC}.Debug|Any CPU.Build.0 = Debug|x64
		{D37F57B0-5E24-44E8-A555-3A43ED8107FC}.Debug|x64.ActiveCfg = Debug|x64
		{D37F57B0-5E24-44E8-A555-3A43ED8107FC}.Debug|x64.Build.0 = Debug|x64
		{D37F57B0-5E24-44E8-A555-3A43ED8107FC}.Debug|x86.ActiveCfg = Debug|Win32
		{D37F57B0-5E24-44E8-A555-3A43ED8107FC}.Debug|x86.Build.0 = Debug|Win32
		{D37F57B0-5E24-44E8-A555-3A43ED8107FC}.Release|Any CPU.ActiveCfg = Release|x64
		{D37F57B0-5E24-44E8-A555-3A43ED8107FC}.Release|Any CPU.Build.0 = Release|x64
		{D37F57B0-5E24-44E8-A555-3A43ED8107FC}.Release|x64.ActiveCfg = Release|x64
		{D37F57B0-5E24-44E8-A555-3A43ED8107FC}.Release|x64.Build.0 = Release|x64
		{D37F57B0-5E24-44E8-A555-3A43ED8107FC}.Release|x86.ActiveCfg = Release|Win32
		{D37F57B0-5E24-44E8-A555-3A43ED8107FC}.Release|x86.Build.0 = Release|Win32
		{BCC072A7-CD11-4B8A-B68F-2346C81A1B70}.Debug|Any CPU.ActiveCfg = Debug|x64
		{BCC072A7-CD11-4B8A-B68F-2346C81A1B70}.Debug|Any CPU.Build.0 = Debug|x64
		{BCC072A7-CD11-4B8A-B68F-2346C81A1B70}.Debug|x64.ActiveCfg = Debug|x64
		{BCC072A7-CD11-4B8A-B68F-2346C81A1B70}.Debug|x64.Build.0 = Debug|x64
		{BCC072A7-CD11-4B8A-B68F-2346C81A1B70}.Debug|x86.ActiveCfg = Debug|Win32
		{BCC072A7-CD11-4B8A-B68F-2346C81A1B70}.Debug|x86.Build.0 = Debug|Win32
		{BCC072A7-CD11-4B8A-B68F-2346C81A1B70}.Release|Any CPU.ActiveCfg = Release|x64
		{BCC072A7-CD11-4B8A-B68F-2346C81A1B70}.Release|Any CPU.Build.0 = Release|x64
		{BCC072A7-CD11-4B8A-B68F-2346C81A1B70}.Release|x64.ActiveCfg = Release|x64
		{BCC072A7-CD11-4B8A-B68F-2346C81A1B70}.Release|x64.Build.0 = Release|x64
		{BCC072A7-CD11-4B8A-B68F-2346C81A1B70}.Release|x86.ActiveCfg = Release|Win32
		{BCC072A7-CD11-4B8A-B68F-2346C81A1B70}.Release|x86.Build.0 = Release|Win32
		{7ECFD5A2-BD02-4EDD-9231-62A5771037CE}.Debug|Any CPU.ActiveCfg = Debug|x64
		{7ECFD5A2-BD02-4EDD-9231-62A5771037CE}.Debug|Any CPU.Build.0 = Debug|x64
		{7ECFD5A2-BD02-4EDD-9231-62A5771037CE}.Debug|x64.ActiveCfg = Debug|x64
		{7ECFD5A2-BD02-4EDD-9231-62A5771037CE}.Debug|x64.Build.0 = Debug|x64
		{7ECFD5A2-BD02-4EDD-9231-62A5771037CE}.Debug|x86.ActiveCfg = Debug|Win32
		{7ECFD5A2-BD02-4EDD-9231-62A5771037CE}.Debug|x86.Build.0 = Debug|Win32
		{7ECFD5A2-BD02-4EDD-9231-62A5771037CE}.Release|Any CPU.ActiveCfg = Release|x64
		{7ECFD5A2-BD02-4EDD-9231-62A5771037CE}.Release|x64.ActiveCfg = Release|x64
		{7ECFD5A2-BD02-4EDD-9231-62A5771037CE}.Release|x86.ActiveCfg = Release|Win32
		{7ECFD5A2-BD02-4EDD-9231-62A5771037CE}.Release|x86.Build.0 = Release|Win32
		{1619DA2A-E12E-4F52-82A7-E4BE1AD10A29}.Debug|Any CPU.ActiveCfg = Debug|x86
		{1619DA2A-E12E-4F52-82A7-E4BE1AD10A29}.Debug|x64.ActiveCfg = Debug|x86
		{1619DA2A-E12E-4F52-82A7-E4BE1AD10A29}.Debug|x86.ActiveCfg = Debug|x86
		{1619DA2A-E12E-4F52-82A7-E4BE1AD10A29}.Debug|x86.Build.0 = Debug|x86
		{1619DA2A-E12E-4F52-82A7-E4BE1AD10A29}.Release|Any CPU.ActiveCfg = Release|x86
		{1619DA2A-E12E-4F52-82A7-E4BE1AD10A29}.Release|x64.ActiveCfg = Release|x86
		{1619DA2A-E12E-4F52-82A7-E4BE1AD10A29}.Release|x86.ActiveCfg = Release|x86
		{1619DA2A-E12E-4F52-82A7-E4BE1AD10A29}.Release|x86.Build.0 = Release|x86
	EndGlobalSection
	GlobalSection(SolutionProperties) = preSolution
		HideSolutionNode = FALSE
	EndGlobalSection
	GlobalSection(ExtensibilityGlobals) = postSolution
		SolutionGuid = {F600F1F5-4CA5-4C26-9A77-B41799943D4D}
	EndGlobalSection
EndGlobal
